
Microsoft Visual Studio Solution File, Format Version 12.00
# Visual Studio 14
VisualStudioVersion = 14.0.25420.1
MinimumVisualStudioVersion = 10.0.40219.1
Project("{FAE04EC0-301F-11D3-BF4B-00C04F79EFBC}") = "Workflow.Web", "Workflow.Web\Workflow.Web.csproj", "{032A8500-C4F3-4E84-9D08-1261AF867123}"
EndProject
Project("{FAE04EC0-301F-11D3-BF4B-00C04F79EFBC}") = "WorkflowLibrary", "WorkflowLibrary\WorkflowLibrary.csproj", "{634DE5DB-25B3-434E-B87F-E7AB93E886CD}"
EndProject
Global
	GlobalSection(SolutionConfigurationPlatforms) = preSolution
		Debug|Any CPU = Debug|Any CPU
		Release|Any CPU = Release|Any CPU
	EndGlobalSection
	GlobalSection(ProjectConfigurationPlatforms) = postSolution
		{032A8500-C4F3-4E84-9D08-1261AF867123}.Debug|Any CPU.ActiveCfg = Debug|Any CPU
		{032A8500-C4F3-4E84-9D08-1261AF867123}.Debug|Any CPU.Build.0 = Debug|Any CPU
		{032A8500-C4F3-4E84-9D08-1261AF867123}.Release|Any CPU.ActiveCfg = Release|Any CPU
		{032A8500-C4F3-4E84-9D08-1261AF867123}.Release|Any CPU.Build.0 = Release|Any CPU
		{634DE5DB-25B3-434E-B87F-E7AB93E886CD}.Debug|Any CPU.ActiveCfg = Debug|Any CPU
		{634DE5DB-25B3-434E-B87F-E7AB93E886CD}.Debug|Any CPU.Build.0 = Debug|Any CPU
		{634DE5DB-25B3-434E-B87F-E7AB93E886CD}.Release|Any CPU.ActiveCfg = Release|Any CPU
		{634DE5DB-25B3-434E-B87F-E7AB93E886CD}.Release|Any CPU.Build.0 = Release|Any CPU
	EndGlobalSection
	GlobalSection(SolutionProperties) = preSolution
		HideSolutionNode = FALSE
	EndGlobalSection
EndGlobal
