
Microsoft Visual Studio Solution File, Format Version 12.00
# Visual Studio 14
VisualStudioVersion = 14.0.25420.1
MinimumVisualStudioVersion = 10.0.40219.1
Project("{FAE04EC0-301F-11D3-BF4B-00C04F79EFBC}") = "Web", "Web\Web.csproj", "{C71EF1F9-29A4-4402-9335-0BCF912576F0}"
EndProject
Project("{FAE04EC0-301F-11D3-BF4B-00C04F79EFBC}") = "Activities", "Activities\Activities.csproj", "{99BBC0EB-FC4C-4C10-81E7-861460A60086}"
EndProject
Project("{FAE04EC0-301F-11D3-BF4B-00C04F79EFBC}") = "DAL", "DAL\DAL.csproj", "{CE2DF787-8E35-4412-B953-4496E21BD0DF}"
EndProject
Project("{FAE04EC0-301F-11D3-BF4B-00C04F79EFBC}") = "Contracts", "Contracts\Contracts.csproj", "{19B170F5-DEFF-4CAA-97D4-A0784E758181}"
EndProject
Global
	GlobalSection(SolutionConfigurationPlatforms) = preSolution
		Debug|Any CPU = Debug|Any CPU
		Release|Any CPU = Release|Any CPU
	EndGlobalSection
	GlobalSection(ProjectConfigurationPlatforms) = postSolution
		{C71EF1F9-29A4-4402-9335-0BCF912576F0}.Debug|Any CPU.ActiveCfg = Debug|Any CPU
		{C71EF1F9-29A4-4402-9335-0BCF912576F0}.Debug|Any CPU.Build.0 = Debug|Any CPU
		{C71EF1F9-29A4-4402-9335-0BCF912576F0}.Release|Any CPU.ActiveCfg = Release|Any CPU
		{C71EF1F9-29A4-4402-9335-0BCF912576F0}.Release|Any CPU.Build.0 = Release|Any CPU
		{99BBC0EB-FC4C-4C10-81E7-861460A60086}.Debug|Any CPU.ActiveCfg = Debug|Any CPU
		{99BBC0EB-FC4C-4C10-81E7-861460A60086}.Debug|Any CPU.Build.0 = Debug|Any CPU
		{99BBC0EB-FC4C-4C10-81E7-861460A60086}.Release|Any CPU.ActiveCfg = Release|Any CPU
		{99BBC0EB-FC4C-4C10-81E7-861460A60086}.Release|Any CPU.Build.0 = Release|Any CPU
		{CE2DF787-8E35-4412-B953-4496E21BD0DF}.Debug|Any CPU.ActiveCfg = Debug|Any CPU
		{CE2DF787-8E35-4412-B953-4496E21BD0DF}.Debug|Any CPU.Build.0 = Debug|Any CPU
		{CE2DF787-8E35-4412-B953-4496E21BD0DF}.Release|Any CPU.ActiveCfg = Release|Any CPU
		{CE2DF787-8E35-4412-B953-4496E21BD0DF}.Release|Any CPU.Build.0 = Release|Any CPU
		{19B170F5-DEFF-4CAA-97D4-A0784E758181}.Debug|Any CPU.ActiveCfg = Debug|Any CPU
		{19B170F5-DEFF-4CAA-97D4-A0784E758181}.Debug|Any CPU.Build.0 = Debug|Any CPU
		{19B170F5-DEFF-4CAA-97D4-A0784E758181}.Release|Any CPU.ActiveCfg = Release|Any CPU
		{19B170F5-DEFF-4CAA-97D4-A0784E758181}.Release|Any CPU.Build.0 = Release|Any CPU
	EndGlobalSection
	GlobalSection(SolutionProperties) = preSolution
		HideSolutionNode = FALSE
	EndGlobalSection
EndGlobal
